
Microsoft Visual Studio Solution File, Format Version 12.00
# Visual Studio Version 16
VisualStudioVersion = 16.0.30717.126
MinimumVisualStudioVersion = 10.0.40219.1
Project("{9A19103F-16F7-4668-BE54-9A1E7A4F7556}") = "MachineLearning", "src\MachineLearning\MachineLearning.csproj", "{9543B73C-42DB-4958-9F59-7EA50F596FA9}"
EndProject
Project("{2150E333-8FDC-42A3-9474-1A3956D46DE8}") = "src", "src", "{B751E86A-3F08-4C65-A63C-EF09BE882AE8}"
EndProject
Project("{2150E333-8FDC-42A3-9474-1A3956D46DE8}") = "test", "test", "{665482E3-03D3-40AB-92A7-D5804F7FA43D}"
EndProject
Project("{9A19103F-16F7-4668-BE54-9A1E7A4F7556}") = "Common.Tests", "test\Common.Tests\Common.Tests.csproj", "{B7443560-4988-4F97-B3FB-B81DD385EC7D}"
EndProject
Project("{9A19103F-16F7-4668-BE54-9A1E7A4F7556}") = "SentenceClassification.Tests", "test\SentenceClassification.Tests\SentenceClassification.Tests.csproj", "{52E3F912-A84A-4933-8535-59A531FB2D8B}"
EndProject
Project("{9A19103F-16F7-4668-BE54-9A1E7A4F7556}") = "ObjectDetection.Tests", "test\ObjectDetection.Tests\ObjectDetection.Tests.csproj", "{C09BCE07-68A4-4A4D-AF24-41D496DA4E63}"
EndProject
Project("{9A19103F-16F7-4668-BE54-9A1E7A4F7556}") = "SizeEstimation.Tests", "test\SizeEstimation.Tests\SizeEstimation.Tests.csproj", "{A5FDCF5D-CB81-4D21-A5C2-ABF45B6CD106}"
EndProject
Project("{9A19103F-16F7-4668-BE54-9A1E7A4F7556}") = "ImageClassification.Test", "test\ImageClassification.Test\ImageClassification.Test.csproj", "{AB01529D-FE27-49C5-BCDE-282E5C9497D3}"
EndProject
Project("{9A19103F-16F7-4668-BE54-9A1E7A4F7556}") = "SmartDictionary.Tests", "test\SmartDictionary.Tests\SmartDictionary.Tests.csproj", "{B2AED583-24A5-49C4-995F-CF8E2C88F4F9}"
EndProject
Global
	GlobalSection(SolutionConfigurationPlatforms) = preSolution
		Debug|Any CPU = Debug|Any CPU
		Release|Any CPU = Release|Any CPU
	EndGlobalSection
	GlobalSection(ProjectConfigurationPlatforms) = postSolution
		{9543B73C-42DB-4958-9F59-7EA50F596FA9}.Debug|Any CPU.ActiveCfg = Debug|Any CPU
		{9543B73C-42DB-4958-9F59-7EA50F596FA9}.Debug|Any CPU.Build.0 = Debug|Any CPU
		{9543B73C-42DB-4958-9F59-7EA50F596FA9}.Release|Any CPU.ActiveCfg = Release|Any CPU
		{9543B73C-42DB-4958-9F59-7EA50F596FA9}.Release|Any CPU.Build.0 = Release|Any CPU
		{B7443560-4988-4F97-B3FB-B81DD385EC7D}.Debug|Any CPU.ActiveCfg = Debug|Any CPU
		{B7443560-4988-4F97-B3FB-B81DD385EC7D}.Debug|Any CPU.Build.0 = Debug|Any CPU
		{B7443560-4988-4F97-B3FB-B81DD385EC7D}.Release|Any CPU.ActiveCfg = Release|Any CPU
		{B7443560-4988-4F97-B3FB-B81DD385EC7D}.Release|Any CPU.Build.0 = Release|Any CPU
		{52E3F912-A84A-4933-8535-59A531FB2D8B}.Debug|Any CPU.ActiveCfg = Debug|Any CPU
		{52E3F912-A84A-4933-8535-59A531FB2D8B}.Debug|Any CPU.Build.0 = Debug|Any CPU
		{52E3F912-A84A-4933-8535-59A531FB2D8B}.Release|Any CPU.ActiveCfg = Release|Any CPU
		{52E3F912-A84A-4933-8535-59A531FB2D8B}.Release|Any CPU.Build.0 = Release|Any CPU
		{C09BCE07-68A4-4A4D-AF24-41D496DA4E63}.Debug|Any CPU.ActiveCfg = Debug|Any CPU
		{C09BCE07-68A4-4A4D-AF24-41D496DA4E63}.Debug|Any CPU.Build.0 = Debug|Any CPU
		{C09BCE07-68A4-4A4D-AF24-41D496DA4E63}.Release|Any CPU.ActiveCfg = Release|Any CPU
		{C09BCE07-68A4-4A4D-AF24-41D496DA4E63}.Release|Any CPU.Build.0 = Release|Any CPU
		{A5FDCF5D-CB81-4D21-A5C2-ABF45B6CD106}.Debug|Any CPU.ActiveCfg = Debug|Any CPU
		{A5FDCF5D-CB81-4D21-A5C2-ABF45B6CD106}.Debug|Any CPU.Build.0 = Debug|Any CPU
		{A5FDCF5D-CB81-4D21-A5C2-ABF45B6CD106}.Release|Any CPU.ActiveCfg = Release|Any CPU
		{A5FDCF5D-CB81-4D21-A5C2-ABF45B6CD106}.Release|Any CPU.Build.0 = Release|Any CPU
		{AB01529D-FE27-49C5-BCDE-282E5C9497D3}.Debug|Any CPU.ActiveCfg = Debug|Any CPU
		{AB01529D-FE27-49C5-BCDE-282E5C9497D3}.Debug|Any CPU.Build.0 = Debug|Any CPU
		{AB01529D-FE27-49C5-BCDE-282E5C9497D3}.Release|Any CPU.ActiveCfg = Release|Any CPU
		{AB01529D-FE27-49C5-BCDE-282E5C9497D3}.Release|Any CPU.Build.0 = Release|Any CPU
		{B2AED583-24A5-49C4-995F-CF8E2C88F4F9}.Debug|Any CPU.ActiveCfg = Debug|Any CPU
		{B2AED583-24A5-49C4-995F-CF8E2C88F4F9}.Debug|Any CPU.Build.0 = Debug|Any CPU
		{B2AED583-24A5-49C4-995F-CF8E2C88F4F9}.Release|Any CPU.ActiveCfg = Release|Any CPU
		{B2AED583-24A5-49C4-995F-CF8E2C88F4F9}.Release|Any CPU.Build.0 = Release|Any CPU
	EndGlobalSection
	GlobalSection(SolutionProperties) = preSolution
		HideSolutionNode = FALSE
	EndGlobalSection
	GlobalSection(NestedProjects) = preSolution
		{9543B73C-42DB-4958-9F59-7EA50F596FA9} = {B751E86A-3F08-4C65-A63C-EF09BE882AE8}
		{B7443560-4988-4F97-B3FB-B81DD385EC7D} = {665482E3-03D3-40AB-92A7-D5804F7FA43D}
		{52E3F912-A84A-4933-8535-59A531FB2D8B} = {665482E3-03D3-40AB-92A7-D5804F7FA43D}
		{C09BCE07-68A4-4A4D-AF24-41D496DA4E63} = {665482E3-03D3-40AB-92A7-D5804F7FA43D}
		{A5FDCF5D-CB81-4D21-A5C2-ABF45B6CD106} = {665482E3-03D3-40AB-92A7-D5804F7FA43D}
		{AB01529D-FE27-49C5-BCDE-282E5C9497D3} = {665482E3-03D3-40AB-92A7-D5804F7FA43D}
		{B2AED583-24A5-49C4-995F-CF8E2C88F4F9} = {665482E3-03D3-40AB-92A7-D5804F7FA43D}
	EndGlobalSection
	GlobalSection(ExtensibilityGlobals) = postSolution
		SolutionGuid = {FF201B16-2D00-4838-834F-452A2489DA17}
	EndGlobalSection
EndGlobal
