
Microsoft Visual Studio Solution File, Format Version 12.00
# Visual Studio Version 16
VisualStudioVersion = 16.0.30717.126
MinimumVisualStudioVersion = 10.0.40219.1
Project("{9A19103F-16F7-4668-BE54-9A1E7A4F7556}") = "MachineLearningStudio", "MachineLearningStudio\MachineLearningStudio.csproj", "{B19212F0-F9E8-4964-A19D-EBABAE290A41}"
EndProject
Project("{2150E333-8FDC-42A3-9474-1A3956D46DE8}") = "Solution Items", "Solution Items", "{B8E42C08-5E7F-48E6-99E2-ACA41C84881A}"
EndProject
Project("{9A19103F-16F7-4668-BE54-9A1E7A4F7556}") = "MachineLearning", "MachineLearning\MachineLearning.csproj", "{9543B73C-42DB-4958-9F59-7EA50F596FA9}"
EndProject
Project("{888888A0-9F3D-457C-B088-3A5042F75D52}") = "ODModelBuilderTF", "ODModelBuilderTF\ODModelBuilderTF.pyproj", "{BF17799B-E8E4-4441-9F34-25B050033535}"
EndProject
Project("{9A19103F-16F7-4668-BE54-9A1E7A4F7556}") = "SyncJupyterNotebook", "SyncJupyterNotebook\SyncJupyterNotebook\SyncJupyterNotebook.csproj", "{4D1F680C-5AD4-4A05-9AB6-6059B3E6C5D5}"
EndProject
Global
	GlobalSection(SolutionConfigurationPlatforms) = preSolution
		Debug|Any CPU = Debug|Any CPU
		Release|Any CPU = Release|Any CPU
	EndGlobalSection
	GlobalSection(ProjectConfigurationPlatforms) = postSolution
		{B19212F0-F9E8-4964-A19D-EBABAE290A41}.Debug|Any CPU.ActiveCfg = Debug|Any CPU
		{B19212F0-F9E8-4964-A19D-EBABAE290A41}.Debug|Any CPU.Build.0 = Debug|Any CPU
		{B19212F0-F9E8-4964-A19D-EBABAE290A41}.Release|Any CPU.ActiveCfg = Release|Any CPU
		{B19212F0-F9E8-4964-A19D-EBABAE290A41}.Release|Any CPU.Build.0 = Release|Any CPU
		{9543B73C-42DB-4958-9F59-7EA50F596FA9}.Debug|Any CPU.ActiveCfg = Debug|Any CPU
		{9543B73C-42DB-4958-9F59-7EA50F596FA9}.Debug|Any CPU.Build.0 = Debug|Any CPU
		{9543B73C-42DB-4958-9F59-7EA50F596FA9}.Release|Any CPU.ActiveCfg = Release|Any CPU
		{9543B73C-42DB-4958-9F59-7EA50F596FA9}.Release|Any CPU.Build.0 = Release|Any CPU
		{BF17799B-E8E4-4441-9F34-25B050033535}.Debug|Any CPU.ActiveCfg = Debug|Any CPU
		{BF17799B-E8E4-4441-9F34-25B050033535}.Release|Any CPU.ActiveCfg = Release|Any CPU
		{4D1F680C-5AD4-4A05-9AB6-6059B3E6C5D5}.Debug|Any CPU.ActiveCfg = Debug|Any CPU
		{4D1F680C-5AD4-4A05-9AB6-6059B3E6C5D5}.Debug|Any CPU.Build.0 = Debug|Any CPU
		{4D1F680C-5AD4-4A05-9AB6-6059B3E6C5D5}.Release|Any CPU.ActiveCfg = Release|Any CPU
		{4D1F680C-5AD4-4A05-9AB6-6059B3E6C5D5}.Release|Any CPU.Build.0 = Release|Any CPU
	EndGlobalSection
	GlobalSection(SolutionProperties) = preSolution
		HideSolutionNode = FALSE
	EndGlobalSection
	GlobalSection(ExtensibilityGlobals) = postSolution
		SolutionGuid = {FF201B16-2D00-4838-834F-452A2489DA17}
	EndGlobalSection
EndGlobal
